// !$*UTF8*$!
{
	archiveVersion = 1;
	classes = {
	};
	objectVersion = 50;
	objects = {

/* Begin PBXBuildFile section */
		BCC2F8F72644045400D2BD6C /* AppDelegate.swift in Sources */ = {isa = PBXBuildFile; fileRef = BCC2F8F62644045400D2BD6C /* AppDelegate.swift */; };
		BCC2F8F92644045400D2BD6C /* SceneDelegate.swift in Sources */ = {isa = PBXBuildFile; fileRef = BCC2F8F82644045400D2BD6C /* SceneDelegate.swift */; };
		BCC2F8FB2644045400D2BD6C /* ViewController.swift in Sources */ = {isa = PBXBuildFile; fileRef = BCC2F8FA2644045400D2BD6C /* ViewController.swift */; };
		BCC2F8FE2644045400D2BD6C /* Main.storyboard in Resources */ = {isa = PBXBuildFile; fileRef = BCC2F8FC2644045400D2BD6C /* Main.storyboard */; };
		BCC2F9002644045800D2BD6C /* Assets.xcassets in Resources */ = {isa = PBXBuildFile; fileRef = BCC2F8FF2644045800D2BD6C /* Assets.xcassets */; };
		BCC2F9032644045800D2BD6C /* LaunchScreen.storyboard in Resources */ = {isa = PBXBuildFile; fileRef = BCC2F9012644045800D2BD6C /* LaunchScreen.storyboard */; };
/* End PBXBuildFile section */

/* Begin PBXFileReference section */
		BCC2F8F32644045400D2BD6C /* WSVRechner.app */ = {isa = PBXFileReference; explicitFileType = wrapper.application; includeInIndex = 0; path = WSVRechner.app; sourceTree = BUILT_PRODUCTS_DIR; };
		BCC2F8F62644045400D2BD6C /* AppDelegate.swift */ = {isa = PBXFileReference; lastKnownFileType = sourcecode.swift; path = AppDelegate.swift; sourceTree = "<group>"; };
		BCC2F8F82644045400D2BD6C /* SceneDelegate.swift */ = {isa = PBXFileReference; lastKnownFileType = sourcecode.swift; path = SceneDelegate.swift; sourceTree = "<group>"; };
		BCC2F8FA2644045400D2BD6C /* ViewController.swift */ = {isa = PBXFileReference; lastKnownFileType = sourcecode.swift; path = ViewController.swift; sourceTree = "<group>"; };
		BCC2F8FD2644045400D2BD6C /* Base */ = {isa = PBXFileReference; lastKnownFileType = file.storyboard; name = Base; path = Base.lproj/Main.storyboard; sourceTree = "<group>"; };
		BCC2F8FF2644045800D2BD6C /* Assets.xcassets */ = {isa = PBXFileReference; lastKnownFileType = folder.assetcatalog; path = Assets.xcassets; sourceTree = "<group>"; };
		BCC2F9022644045800D2BD6C /* Base */ = {isa = PBXFileReference; lastKnownFileType = file.storyboard; name = Base; path = Base.lproj/LaunchScreen.storyboard; sourceTree = "<group>"; };
		BCC2F9042644045800D2BD6C /* Info.plist */ = {isa = PBXFileReference; lastKnownFileType = text.plist.xml; path = Info.plist; sourceTree = "<group>"; };
/* End PBXFileReference section */

/* Begin PBXFrameworksBuildPhase section */
		BCC2F8F02644045400D2BD6C /* Frameworks */ = {
			isa = PBXFrameworksBuildPhase;
			buildActionMask = 2147483647;
			files = (
			);
			runOnlyForDeploymentPostprocessing = 0;
		};
/* End PBXFrameworksBuildPhase section */

/* Begin PBXGroup section */
		BCC2F8EA2644045400D2BD6C = {
			isa = PBXGroup;
			children = (
				BCC2F8F52644045400D2BD6C /* WSVRechner */,
				BCC2F8F42644045400D2BD6C /* Products */,
			);
			sourceTree = "<group>";
		};
		BCC2F8F42644045400D2BD6C /* Products */ = {
			isa = PBXGroup;
			children = (
				BCC2F8F32644045400D2BD6C /* WSVRechner.app */,
			);
			name = Products;
			sourceTree = "<group>";
		};
		BCC2F8F52644045400D2BD6C /* WSVRechner */ = {
			isa = PBXGroup;
			children = (
				BCC2F8F62644045400D2BD6C /* AppDelegate.swift */,
				BCC2F8F82644045400D2BD6C /* SceneDelegate.swift */,
				BCC2F8FA2644045400D2BD6C /* ViewController.swift */,
				BCC2F8FC2644045400D2BD6C /* Main.storyboard */,
				BCC2F8FF2644045800D2BD6C /* Assets.xcassets */,
				BCC2F9012644045800D2BD6C /* LaunchScreen.storyboard */,
				BCC2F9042644045800D2BD6C /* Info.plist */,
			);
			path = WSVRechner;
			sourceTree = "<group>";
		};
/* End PBXGroup section */

/* Begin PBXNativeTarget section */
		BCC2F8F22644045400D2BD6C /* WSVRechner */ = {
			isa = PBXNativeTarget;
			buildConfigurationList = BCC2F9072644045800D2BD6C /* Build configuration list for PBXNativeTarget "WSVRechner" */;
			buildPhases = (
				BCC2F8EF2644045400D2BD6C /* Sources */,
				BCC2F8F02644045400D2BD6C /* Frameworks */,
				BCC2F8F12644045400D2BD6C /* Resources */,
			);
			buildRules = (
			);
			dependencies = (
			);
			name = WSVRechner;
			productName = WSVRechner;
			productReference = BCC2F8F32644045400D2BD6C /* WSVRechner.app */;
			productType = "com.apple.product-type.application";
		};
/* End PBXNativeTarget section */

/* Begin PBXProject section */
		BCC2F8EB2644045400D2BD6C /* Project object */ = {
			isa = PBXProject;
			attributes = {
				LastSwiftUpdateCheck = 1100;
				LastUpgradeCheck = 1100;
				ORGANIZATIONNAME = "Monique Shaqiri";
				TargetAttributes = {
					BCC2F8F22644045400D2BD6C = {
						CreatedOnToolsVersion = 11.0;
					};
				};
			};
			buildConfigurationList = BCC2F8EE2644045400D2BD6C /* Build configuration list for PBXProject "WSVRechner" */;
			compatibilityVersion = "Xcode 9.3";
			developmentRegion = en;
			hasScannedForEncodings = 0;
			knownRegions = (
				en,
				Base,
			);
			mainGroup = BCC2F8EA2644045400D2BD6C;
			productRefGroup = BCC2F8F42644045400D2BD6C /* Products */;
			projectDirPath = "";
			projectRoot = "";
			targets = (
				BCC2F8F22644045400D2BD6C /* WSVRechner */,
			);
		};
/* End PBXProject section */

/* Begin PBXResourcesBuildPhase section */
		BCC2F8F12644045400D2BD6C /* Resources */ = {
			isa = PBXResourcesBuildPhase;
			buildActionMask = 2147483647;
			files = (
				BCC2F9032644045800D2BD6C /* LaunchScreen.storyboard in Resources */,
				BCC2F9002644045800D2BD6C /* Assets.xcassets in Resources */,
				BCC2F8FE2644045400D2BD6C /* Main.storyboard in Resources */,
			);
			runOnlyForDeploymentPostprocessing = 0;
		};
/* End PBXResourcesBuildPhase section */

/* Begin PBXSourcesBuildPhase section */
		BCC2F8EF2644045400D2BD6C /* Sources */ = {
			isa = PBXSourcesBuildPhase;
			buildActionMask = 2147483647;
			files = (
				BCC2F8FB2644045400D2BD6C /* ViewController.swift in Sources */,
				BCC2F8F72644045400D2BD6C /* AppDelegate.swift in Sources */,
				BCC2F8F92644045400D2BD6C /* SceneDelegate.swift in Sources */,
			);
			runOnlyForDeploymentPostprocessing = 0;
		};
/* End PBXSourcesBuildPhase section */

/* Begin PBXVariantGroup section */
		BCC2F8FC2644045400D2BD6C /* Main.storyboard */ = {
			isa = PBXVariantGroup;
			children = (
				BCC2F8FD2644045400D2BD6C /* Base */,
			);
			name = Main.storyboard;
			sourceTree = "<group>";
		};
		BCC2F9012644045800D2BD6C /* LaunchScreen.storyboard */ = {
			isa = PBXVariantGroup;
			children = (
				BCC2F9022644045800D2BD6C /* Base */,
			);
			name = LaunchScreen.storyboard;
			sourceTree = "<group>";
		};
/* End PBXVariantGroup section */

/* Begin XCBuildConfiguration section */
		BCC2F9052644045800D2BD6C /* Debug */ = {
			isa = XCBuildConfiguration;
			buildSettings = {
				ALWAYS_SEARCH_USER_PATHS = NO;
				CLANG_ANALYZER_NONNULL = YES;
				CLANG_ANALYZER_NUMBER_OBJECT_CONVERSION = YES_AGGRESSIVE;
				CLANG_CXX_LANGUAGE_STANDARD = "gnu++14";
				CLANG_CXX_LIBRARY = "libc++";
				CLANG_ENABLE_MODULES = YES;
				CLANG_ENABLE_OBJC_ARC = YES;
				CLANG_ENABLE_OBJC_WEAK = YES;
				CLANG_WARN_BLOCK_CAPTURE_AUTORELEASING = YES;
				CLANG_WARN_BOOL_CONVERSION = YES;
				CLANG_WARN_COMMA = YES;
				CLANG_WARN_CONSTANT_CONVERSION = YES;
				CLANG_WARN_DEPRECATED_OBJC_IMPLEMENTATIONS = YES;
				CLANG_WARN_DIRECT_OBJC_ISA_USAGE = YES_ERROR;
				CLANG_WARN_DOCUMENTATION_COMMENTS = YES;
				CLANG_WARN_EMPTY_BODY = YES;
				CLANG_WARN_ENUM_CONVERSION = YES;
				CLANG_WARN_INFINITE_RECURSION = YES;
				CLANG_WARN_INT_CONVERSION = YES;
				CLANG_WARN_NON_LITERAL_NULL_CONVERSION = YES;
				CLANG_WARN_OBJC_IMPLICIT_RETAIN_SELF = YES;
				CLANG_WARN_OBJC_LITERAL_CONVERSION = YES;
				CLANG_WARN_OBJC_ROOT_CLASS = YES_ERROR;
				CLANG_WARN_RANGE_LOOP_ANALYSIS = YES;
				CLANG_WARN_STRICT_PROTOTYPES = YES;
				CLANG_WARN_SUSPICIOUS_MOVE = YES;
				CLANG_WARN_UNGUARDED_AVAILABILITY = YES_AGGRESSIVE;
				CLANG_WARN_UNREACHABLE_CODE = YES;
				CLANG_WARN__DUPLICATE_METHOD_MATCH = YES;
				COPY_PHASE_STRIP = NO;
				DEBUG_INFORMATION_FORMAT = dwarf;
				ENABLE_STRICT_OBJC_MSGSEND = YES;
				ENABLE_TESTABILITY = YES;
				GCC_C_LANGUAGE_STANDARD = gnu11;
				GCC_DYNAMIC_NO_PIC = NO;
				GCC_NO_COMMON_BLOCKS = YES;
				GCC_OPTIMIZATION_LEVEL = 0;
				GCC_PREPROCESSOR_DEFINITIONS = (
					"DEBUG=1",
					"$(inherited)",
				);
				GCC_WARN_64_TO_32_BIT_CONVERSION = YES;
				GCC_WARN_ABOUT_RETURN_TYPE = YES_ERROR;
				GCC_WARN_UNDECLARED_SELECTOR = YES;
				GCC_WARN_UNINITIALIZED_AUTOS = YES_AGGRESSIVE;
				GCC_WARN_UNUSED_FUNCTION = YES;
				GCC_WARN_UNUSED_VARIABLE = YES;
				IPHONEOS_DEPLOYMENT_TARGET = 13.0;
				MTL_ENABLE_DEBUG_INFO = INCLUDE_SOURCE;
				MTL_FAST_MATH = YES;
				ONLY_ACTIVE_ARCH = YES;
				SDKROOT = iphoneos;
				SWIFT_ACTIVE_COMPILATION_CONDITIONS = DEBUG;
				SWIFT_OPTIMIZATION_LEVEL = "-Onone";
			};
			name = Debug;
		};
		BCC2F9062644045800D2BD6C /* Release */ = {
			isa = XCBuildConfiguration;
			buildSettings = {
				ALWAYS_SEARCH_USER_PATHS = NO;
				CLANG_ANALYZER_NONNULL = YES;
				CLANG_ANALYZER_NUMBER_OBJECT_CONVERSION = YES_AGGRESSIVE;
				CLANG_CXX_LANGUAGE_STANDARD = "gnu++14";
				CLANG_CXX_LIBRARY = "libc++";
				CLANG_ENABLE_MODULES = YES;
				CLANG_ENABLE_OBJC_ARC = YES;
				CLANG_ENABLE_OBJC_WEAK = YES;
				CLANG_WARN_BLOCK_CAPTURE_AUTORELEASING = YES;
				CLANG_WARN_BOOL_CONVERSION = YES;
				CLANG_WARN_COMMA = YES;
				CLANG_WARN_CONSTANT_CONVERSION = YES;
				CLANG_WARN_DEPRECATED_OBJC_IMPLEMENTATIONS = YES;
				CLANG_WARN_DIRECT_OBJC_ISA_USAGE = YES_ERROR;
				CLANG_WARN_DOCUMENTATION_COMMENTS = YES;
				CLANG_WARN_EMPTY_BODY = YES;
				CLANG_WARN_ENUM_CONVERSION = YES;
				CLANG_WARN_INFINITE_RECURSION = YES;
				CLANG_WARN_INT_CONVERSION = YES;
				CLANG_WARN_NON_LITERAL_NULL_CONVERSION = YES;
				CLANG_WARN_OBJC_IMPLICIT_RETAIN_SELF = YES;
				CLANG_WARN_OBJC_LITERAL_CONVERSION = YES;
				CLANG_WARN_OBJC_ROOT_CLASS = YES_ERROR;
				CLANG_WARN_RANGE_LOOP_ANALYSIS = YES;
				CLANG_WARN_STRICT_PROTOTYPES = YES;
				CLANG_WARN_SUSPICIOUS_MOVE = YES;
				CLANG_WARN_UNGUARDED_AVAILABILITY = YES_AGGRESSIVE;
				CLANG_WARN_UNREACHABLE_CODE = YES;
				CLANG_WARN__DUPLICATE_METHOD_MATCH = YES;
				COPY_PHASE_STRIP = NO;
				DEBUG_INFORMATION_FORMAT = "dwarf-with-dsym";
				ENABLE_NS_ASSERTIONS = NO;
				ENABLE_STRICT_OBJC_MSGSEND = YES;
				GCC_C_LANGUAGE_STANDARD = gnu11;
				GCC_NO_COMMON_BLOCKS = YES;
				GCC_WARN_64_TO_32_BIT_CONVERSION = YES;
				GCC_WARN_ABOUT_RETURN_TYPE = YES_ERROR;
				GCC_WARN_UNDECLARED_SELECTOR = YES;
				GCC_WARN_UNINITIALIZED_AUTOS = YES_AGGRESSIVE;
				GCC_WARN_UNUSED_FUNCTION = YES;
				GCC_WARN_UNUSED_VARIABLE = YES;
				IPHONEOS_DEPLOYMENT_TARGET = 13.0;
				MTL_ENABLE_DEBUG_INFO = NO;
				MTL_FAST_MATH = YES;
				SDKROOT = iphoneos;
				SWIFT_COMPILATION_MODE = wholemodule;
				SWIFT_OPTIMIZATION_LEVEL = "-O";
				VALIDATE_PRODUCT = YES;
			};
			name = Release;
		};
		BCC2F9082644045800D2BD6C /* Debug */ = {
			isa = XCBuildConfiguration;
			buildSettings = {
				ASSETCATALOG_COMPILER_APPICON_NAME = AppIcon;
				CODE_SIGN_STYLE = Automatic;
				DEVELOPMENT_TEAM = PJBAA344QW;
				INFOPLIST_FILE = WSVRechner/Info.plist;
				LD_RUNPATH_SEARCH_PATHS = (
					"$(inherited)",
					"@executable_path/Frameworks",
				);
				PRODUCT_BUNDLE_IDENTIFIER = "com.Softwareengineering-S.WSVRechner";
				PRODUCT_NAME = "$(TARGET_NAME)";
				SWIFT_VERSION = 5.0;
				TARGETED_DEVICE_FAMILY = "1,2";
			};
			name = Debug;
		};
		BCC2F9092644045800D2BD6C /* Release */ = {
			isa = XCBuildConfiguration;
			buildSettings = {
				ASSETCATALOG_COMPILER_APPICON_NAME = AppIcon;
				CODE_SIGN_STYLE = Automatic;
				DEVELOPMENT_TEAM = PJBAA344QW;
				INFOPLIST_FILE = WSVRechner/Info.plist;
				LD_RUNPATH_SEARCH_PATHS = (
					"$(inherited)",
					"@executable_path/Frameworks",
				);
				PRODUCT_BUNDLE_IDENTIFIER = "com.Softwareengineering-S.WSVRechner";
				PRODUCT_NAME = "$(TARGET_NAME)";
				SWIFT_VERSION = 5.0;
				TARGETED_DEVICE_FAMILY = "1,2";
			};
			name = Release;
		};
/* End XCBuildConfiguration section */

/* Begin XCConfigurationList section */
		BCC2F8EE2644045400D2BD6C /* Build configuration list for PBXProject "WSVRechner" */ = {
			isa = XCConfigurationList;
			buildConfigurations = (
				BCC2F9052644045800D2BD6C /* Debug */,
				BCC2F9062644045800D2BD6C /* Release */,
			);
			defaultConfigurationIsVisible = 0;
			defaultConfigurationName = Release;
		};
		BCC2F9072644045800D2BD6C /* Build configuration list for PBXNativeTarget "WSVRechner" */ = {
			isa = XCConfigurationList;
			buildConfigurations = (
				BCC2F9082644045800D2BD6C /* Debug */,
				BCC2F9092644045800D2BD6C /* Release */,
			);
			defaultConfigurationIsVisible = 0;
			defaultConfigurationName = Release;
		};
/* End XCConfigurationList section */
	};
	rootObject = BCC2F8EB2644045400D2BD6C /* Project object */;
}
